
Microsoft Visual Studio Solution File, Format Version 12.00
# Visual Studio Version 16
VisualStudioVersion = 16.0.29411.108
MinimumVisualStudioVersion = 10.0.40219.1
Project("{9A19103F-16F7-4668-BE54-9A1E7A4F7556}") = "Todo.Infrastructure", "Infrastructure\Todo.Infrastructure.csproj", "{AB429427-7208-425D-BD33-4F33FF532F4E}"
EndProject
Project("{9A19103F-16F7-4668-BE54-9A1E7A4F7556}") = "Todo.Domain", "Domain\Todo.Domain.csproj", "{3EC5D564-5C31-4049-8214-9D1595B66680}"
EndProject
Project("{9A19103F-16F7-4668-BE54-9A1E7A4F7556}") = "Todo.Application", "Application\Todo.Application.csproj", "{C5A546F9-F834-44E9-A57B-7FCE6867379E}"
EndProject
Project("{9A19103F-16F7-4668-BE54-9A1E7A4F7556}") = "Todo.Web", "Web\Todo.Web.csproj", "{C9A764E5-78CB-403C-B91C-BCC9E5FA9BEE}"
EndProject
Project("{2150E333-8FDC-42A3-9474-1A3956D46DE8}") = "Application", "Application", "{63844612-ADAD-43C6-9299-C8D525E1A4EF}"
EndProject
Project("{2150E333-8FDC-42A3-9474-1A3956D46DE8}") = "Domain", "Domain", "{FC4B1D53-D0A7-4FF6-A32B-36A0967E873F}"
EndProject
Project("{2150E333-8FDC-42A3-9474-1A3956D46DE8}") = "Infrastructure", "Infrastructure", "{290B7929-F715-4EEC-A5A2-4F9060B90033}"
EndProject
Project("{2150E333-8FDC-42A3-9474-1A3956D46DE8}") = "Web", "Web", "{DD07AB1A-981E-4D28-BBD4-6991F7C2D072}"
EndProject
Project("{2150E333-8FDC-42A3-9474-1A3956D46DE8}") = "Tests", "Tests", "{B8E2C3AF-C54F-4FC6-AC52-AC7CE1931136}"
EndProject
Project("{9A19103F-16F7-4668-BE54-9A1E7A4F7556}") = "Todo.Tests", "Tests\Todo.Tests\Todo.Tests.csproj", "{DB234450-8014-401B-8439-88292FC5F050}"
EndProject
Project("{2150E333-8FDC-42A3-9474-1A3956D46DE8}") = "Common", "Common", "{050829C4-0701-4814-89F1-989F8B4F9D8E}"
EndProject
Project("{FAE04EC0-301F-11D3-BF4B-00C04F79EFBC}") = "Todo.Common", "Common\Todo.Common\Todo.Common.csproj", "{0F610B73-25B9-4100-A74E-847F17982977}"
EndProject
Global
	GlobalSection(SolutionConfigurationPlatforms) = preSolution
		Debug|Any CPU = Debug|Any CPU
		Release|Any CPU = Release|Any CPU
	EndGlobalSection
	GlobalSection(ProjectConfigurationPlatforms) = postSolution
		{AB429427-7208-425D-BD33-4F33FF532F4E}.Debug|Any CPU.ActiveCfg = Debug|Any CPU
		{AB429427-7208-425D-BD33-4F33FF532F4E}.Debug|Any CPU.Build.0 = Debug|Any CPU
		{AB429427-7208-425D-BD33-4F33FF532F4E}.Release|Any CPU.ActiveCfg = Release|Any CPU
		{AB429427-7208-425D-BD33-4F33FF532F4E}.Release|Any CPU.Build.0 = Release|Any CPU
		{3EC5D564-5C31-4049-8214-9D1595B66680}.Debug|Any CPU.ActiveCfg = Debug|Any CPU
		{3EC5D564-5C31-4049-8214-9D1595B66680}.Debug|Any CPU.Build.0 = Debug|Any CPU
		{3EC5D564-5C31-4049-8214-9D1595B66680}.Release|Any CPU.ActiveCfg = Release|Any CPU
		{3EC5D564-5C31-4049-8214-9D1595B66680}.Release|Any CPU.Build.0 = Release|Any CPU
		{C5A546F9-F834-44E9-A57B-7FCE6867379E}.Debug|Any CPU.ActiveCfg = Debug|Any CPU
		{C5A546F9-F834-44E9-A57B-7FCE6867379E}.Debug|Any CPU.Build.0 = Debug|Any CPU
		{C5A546F9-F834-44E9-A57B-7FCE6867379E}.Release|Any CPU.ActiveCfg = Release|Any CPU
		{C5A546F9-F834-44E9-A57B-7FCE6867379E}.Release|Any CPU.Build.0 = Release|Any CPU
		{C9A764E5-78CB-403C-B91C-BCC9E5FA9BEE}.Debug|Any CPU.ActiveCfg = Debug|Any CPU
		{C9A764E5-78CB-403C-B91C-BCC9E5FA9BEE}.Debug|Any CPU.Build.0 = Debug|Any CPU
		{C9A764E5-78CB-403C-B91C-BCC9E5FA9BEE}.Release|Any CPU.ActiveCfg = Release|Any CPU
		{C9A764E5-78CB-403C-B91C-BCC9E5FA9BEE}.Release|Any CPU.Build.0 = Release|Any CPU
		{DB234450-8014-401B-8439-88292FC5F050}.Debug|Any CPU.ActiveCfg = Debug|Any CPU
		{DB234450-8014-401B-8439-88292FC5F050}.Debug|Any CPU.Build.0 = Debug|Any CPU
		{DB234450-8014-401B-8439-88292FC5F050}.Release|Any CPU.ActiveCfg = Release|Any CPU
		{DB234450-8014-401B-8439-88292FC5F050}.Release|Any CPU.Build.0 = Release|Any CPU
		{0F610B73-25B9-4100-A74E-847F17982977}.Debug|Any CPU.ActiveCfg = Debug|Any CPU
		{0F610B73-25B9-4100-A74E-847F17982977}.Debug|Any CPU.Build.0 = Debug|Any CPU
		{0F610B73-25B9-4100-A74E-847F17982977}.Release|Any CPU.ActiveCfg = Release|Any CPU
		{0F610B73-25B9-4100-A74E-847F17982977}.Release|Any CPU.Build.0 = Release|Any CPU
	EndGlobalSection
	GlobalSection(SolutionProperties) = preSolution
		HideSolutionNode = FALSE
	EndGlobalSection
	GlobalSection(NestedProjects) = preSolution
		{AB429427-7208-425D-BD33-4F33FF532F4E} = {290B7929-F715-4EEC-A5A2-4F9060B90033}
		{3EC5D564-5C31-4049-8214-9D1595B66680} = {FC4B1D53-D0A7-4FF6-A32B-36A0967E873F}
		{C5A546F9-F834-44E9-A57B-7FCE6867379E} = {63844612-ADAD-43C6-9299-C8D525E1A4EF}
		{C9A764E5-78CB-403C-B91C-BCC9E5FA9BEE} = {DD07AB1A-981E-4D28-BBD4-6991F7C2D072}
		{DB234450-8014-401B-8439-88292FC5F050} = {B8E2C3AF-C54F-4FC6-AC52-AC7CE1931136}
		{0F610B73-25B9-4100-A74E-847F17982977} = {050829C4-0701-4814-89F1-989F8B4F9D8E}
	EndGlobalSection
	GlobalSection(ExtensibilityGlobals) = postSolution
		SolutionGuid = {DF4C0EBD-274A-4226-B289-4624657CD224}
	EndGlobalSection
EndGlobal
